// !$*UTF8*$!
{
	archiveVersion = 1;
	classes = {
	};
	objectVersion = 52;
	objects = {

/* Begin PBXBuildFile section */
		1E8DCC1C26AA8D480014F9EF /* StockDetail.swift in Sources */ = {isa = PBXBuildFile; fileRef = 1E8DCC1B26AA8D480014F9EF /* StockDetail.swift */; };
		1E8DCC1E26AB04220014F9EF /* DWGetReferentialQuoteRsDTO.swift in Sources */ = {isa = PBXBuildFile; fileRef = 1E8DCC1D26AB04220014F9EF /* DWGetReferentialQuoteRsDTO.swift */; };
		1E8DCC2126AC3A400014F9EF /* Amount.swift in Sources */ = {isa = PBXBuildFile; fileRef = 1E8DCC2026AC3A400014F9EF /* Amount.swift */; };
		1EB356C626A5179900DF2963 /* StockQuoteTopic.swift in Sources */ = {isa = PBXBuildFile; fileRef = 1EB356C526A5179900DF2963 /* StockQuoteTopic.swift */; };
		1EEE498526A310E8003B2853 /* landmarkData.json in Resources */ = {isa = PBXBuildFile; fileRef = 1EEE498426A310E8003B2853 /* landmarkData.json */; };
		1EEE498726A31110003B2853 /* Landmark.swift in Sources */ = {isa = PBXBuildFile; fileRef = 1EEE498626A31110003B2853 /* Landmark.swift */; };
		1EEE498A26A311DF003B2853 /* ModelData.swift in Sources */ = {isa = PBXBuildFile; fileRef = 1EEE498926A311DF003B2853 /* ModelData.swift */; };
		1EEE499326A31296003B2853 /* LandmarkRow.swift in Sources */ = {isa = PBXBuildFile; fileRef = 1EEE499226A31296003B2853 /* LandmarkRow.swift */; };
		1EEE499A26A31478003B2853 /* CircleImage.swift in Sources */ = {isa = PBXBuildFile; fileRef = 1EEE499826A31478003B2853 /* CircleImage.swift */; };
		1EEE499B26A31478003B2853 /* ContentViewaaa.swift in Sources */ = {isa = PBXBuildFile; fileRef = 1EEE499926A31478003B2853 /* ContentViewaaa.swift */; };
		1EEE499D26A3147E003B2853 /* MapView.swift in Sources */ = {isa = PBXBuildFile; fileRef = 1EEE499C26A3147E003B2853 /* MapView.swift */; };
		1EEE499F26A3156F003B2853 /* LandmarkList.swift in Sources */ = {isa = PBXBuildFile; fileRef = 1EEE499E26A3156F003B2853 /* LandmarkList.swift */; };
		1EEE49A226A429D8003B2853 /* StockMarketData.swift in Sources */ = {isa = PBXBuildFile; fileRef = 1EEE49A126A429D8003B2853 /* StockMarketData.swift */; };
		1EEE49A426A42A17003B2853 /* StockList.swift in Sources */ = {isa = PBXBuildFile; fileRef = 1EEE49A326A42A17003B2853 /* StockList.swift */; };
		1EEE49A626A42A27003B2853 /* StockRow.swift in Sources */ = {isa = PBXBuildFile; fileRef = 1EEE49A526A42A27003B2853 /* StockRow.swift */; };
		1EEE49A826A42A4F003B2853 /* StockListItem.swift in Sources */ = {isa = PBXBuildFile; fileRef = 1EEE49A726A42A4F003B2853 /* StockListItem.swift */; };
		1EEE49AA26A42CA3003B2853 /* stockData.json in Resources */ = {isa = PBXBuildFile; fileRef = 1EEE49A926A42CA3003B2853 /* stockData.json */; };
		1EEE49AD26A43A70003B2853 /* HeartButton.swift in Sources */ = {isa = PBXBuildFile; fileRef = 1EEE49AC26A43A70003B2853 /* HeartButton.swift */; };
		1EEE49B326A4713E003B2853 /* ConnectionStatusView.swift in Sources */ = {isa = PBXBuildFile; fileRef = 1EEE49B226A4713E003B2853 /* ConnectionStatusView.swift */; };
		1EEE49B526A4732B003B2853 /* ConnectivityData.swift in Sources */ = {isa = PBXBuildFile; fileRef = 1EEE49B426A4732B003B2853 /* ConnectivityData.swift */; };
		D9612A4F2595212E0061CCE1 /* Swafka in Frameworks */ = {isa = PBXBuildFile; productRef = D9612A4E2595212E0061CCE1 /* Swafka */; };
		D97F1F0525951C1A004C7A4E /* iOS_ExampleApp.swift in Sources */ = {isa = PBXBuildFile; fileRef = D97F1F0425951C1A004C7A4E /* iOS_ExampleApp.swift */; };
		D97F1F0725951C1A004C7A4E /* ContentView.swift in Sources */ = {isa = PBXBuildFile; fileRef = D97F1F0625951C1A004C7A4E /* ContentView.swift */; };
		D97F1F0925951C1A004C7A4E /* Assets.xcassets in Resources */ = {isa = PBXBuildFile; fileRef = D97F1F0825951C1A004C7A4E /* Assets.xcassets */; };
		D97F1F0C25951C1A004C7A4E /* Preview Assets.xcassets in Resources */ = {isa = PBXBuildFile; fileRef = D97F1F0B25951C1A004C7A4E /* Preview Assets.xcassets */; };
/* End PBXBuildFile section */

/* Begin PBXFileReference section */
		1E8DCC1B26AA8D480014F9EF /* StockDetail.swift */ = {isa = PBXFileReference; lastKnownFileType = sourcecode.swift; path = StockDetail.swift; sourceTree = "<group>"; };
		1E8DCC1D26AB04220014F9EF /* DWGetReferentialQuoteRsDTO.swift */ = {isa = PBXFileReference; lastKnownFileType = sourcecode.swift; path = DWGetReferentialQuoteRsDTO.swift; sourceTree = "<group>"; };
		1E8DCC2026AC3A400014F9EF /* Amount.swift */ = {isa = PBXFileReference; lastKnownFileType = sourcecode.swift; path = Amount.swift; sourceTree = "<group>"; };
		1EB356C526A5179900DF2963 /* StockQuoteTopic.swift */ = {isa = PBXFileReference; lastKnownFileType = sourcecode.swift; path = StockQuoteTopic.swift; sourceTree = "<group>"; };
		1EEE498426A310E8003B2853 /* landmarkData.json */ = {isa = PBXFileReference; fileEncoding = 4; lastKnownFileType = text.json; path = landmarkData.json; sourceTree = "<group>"; };
		1EEE498626A31110003B2853 /* Landmark.swift */ = {isa = PBXFileReference; lastKnownFileType = sourcecode.swift; path = Landmark.swift; sourceTree = "<group>"; };
		1EEE498926A311DF003B2853 /* ModelData.swift */ = {isa = PBXFileReference; lastKnownFileType = sourcecode.swift; path = ModelData.swift; sourceTree = "<group>"; };
		1EEE499226A31296003B2853 /* LandmarkRow.swift */ = {isa = PBXFileReference; lastKnownFileType = sourcecode.swift; path = LandmarkRow.swift; sourceTree = "<group>"; };
		1EEE499826A31478003B2853 /* CircleImage.swift */ = {isa = PBXFileReference; fileEncoding = 4; lastKnownFileType = sourcecode.swift; path = CircleImage.swift; sourceTree = "<group>"; };
		1EEE499926A31478003B2853 /* ContentViewaaa.swift */ = {isa = PBXFileReference; fileEncoding = 4; lastKnownFileType = sourcecode.swift; path = ContentViewaaa.swift; sourceTree = "<group>"; };
		1EEE499C26A3147E003B2853 /* MapView.swift */ = {isa = PBXFileReference; fileEncoding = 4; lastKnownFileType = sourcecode.swift; path = MapView.swift; sourceTree = "<group>"; };
		1EEE499E26A3156F003B2853 /* LandmarkList.swift */ = {isa = PBXFileReference; lastKnownFileType = sourcecode.swift; path = LandmarkList.swift; sourceTree = "<group>"; };
		1EEE49A126A429D8003B2853 /* StockMarketData.swift */ = {isa = PBXFileReference; lastKnownFileType = sourcecode.swift; path = StockMarketData.swift; sourceTree = "<group>"; };
		1EEE49A326A42A17003B2853 /* StockList.swift */ = {isa = PBXFileReference; lastKnownFileType = sourcecode.swift; path = StockList.swift; sourceTree = "<group>"; };
		1EEE49A526A42A27003B2853 /* StockRow.swift */ = {isa = PBXFileReference; lastKnownFileType = sourcecode.swift; path = StockRow.swift; sourceTree = "<group>"; };
		1EEE49A726A42A4F003B2853 /* StockListItem.swift */ = {isa = PBXFileReference; lastKnownFileType = sourcecode.swift; path = StockListItem.swift; sourceTree = "<group>"; };
		1EEE49A926A42CA3003B2853 /* stockData.json */ = {isa = PBXFileReference; lastKnownFileType = text.json; path = stockData.json; sourceTree = "<group>"; };
		1EEE49AC26A43A70003B2853 /* HeartButton.swift */ = {isa = PBXFileReference; lastKnownFileType = sourcecode.swift; path = HeartButton.swift; sourceTree = "<group>"; };
		1EEE49B226A4713E003B2853 /* ConnectionStatusView.swift */ = {isa = PBXFileReference; lastKnownFileType = sourcecode.swift; path = ConnectionStatusView.swift; sourceTree = "<group>"; };
		1EEE49B426A4732B003B2853 /* ConnectivityData.swift */ = {isa = PBXFileReference; lastKnownFileType = sourcecode.swift; path = ConnectivityData.swift; sourceTree = "<group>"; };
		D97F1F0125951C1A004C7A4E /* iOS Example.app */ = {isa = PBXFileReference; explicitFileType = wrapper.application; includeInIndex = 0; path = "iOS Example.app"; sourceTree = BUILT_PRODUCTS_DIR; };
		D97F1F0425951C1A004C7A4E /* iOS_ExampleApp.swift */ = {isa = PBXFileReference; lastKnownFileType = sourcecode.swift; path = iOS_ExampleApp.swift; sourceTree = "<group>"; };
		D97F1F0625951C1A004C7A4E /* ContentView.swift */ = {isa = PBXFileReference; lastKnownFileType = sourcecode.swift; path = ContentView.swift; sourceTree = "<group>"; };
		D97F1F0825951C1A004C7A4E /* Assets.xcassets */ = {isa = PBXFileReference; lastKnownFileType = folder.assetcatalog; path = Assets.xcassets; sourceTree = "<group>"; };
		D97F1F0B25951C1A004C7A4E /* Preview Assets.xcassets */ = {isa = PBXFileReference; lastKnownFileType = folder.assetcatalog; path = "Preview Assets.xcassets"; sourceTree = "<group>"; };
		D97F1F0D25951C1A004C7A4E /* Info.plist */ = {isa = PBXFileReference; lastKnownFileType = text.plist.xml; path = Info.plist; sourceTree = "<group>"; };
/* End PBXFileReference section */

/* Begin PBXFrameworksBuildPhase section */
		D97F1EFE25951C1A004C7A4E /* Frameworks */ = {
			isa = PBXFrameworksBuildPhase;
			buildActionMask = 2147483647;
			files = (
				D9612A4F2595212E0061CCE1 /* Swafka in Frameworks */,
			);
			runOnlyForDeploymentPostprocessing = 0;
		};
/* End PBXFrameworksBuildPhase section */

/* Begin PBXGroup section */
		1E8DCC1F26AC3A340014F9EF /* Utils */ = {
			isa = PBXGroup;
			children = (
				1E8DCC2026AC3A400014F9EF /* Amount.swift */,
			);
			path = Utils;
			sourceTree = "<group>";
		};
		1EEE498826A311CE003B2853 /* Landmarks */ = {
			isa = PBXGroup;
			children = (
				1EEE498626A31110003B2853 /* Landmark.swift */,
				1EEE498426A310E8003B2853 /* landmarkData.json */,
				1EEE498926A311DF003B2853 /* ModelData.swift */,
			);
			path = Landmarks;
			sourceTree = "<group>";
		};
		1EEE498B26A3122D003B2853 /* Views */ = {
			isa = PBXGroup;
			children = (
				1EEE499226A31296003B2853 /* LandmarkRow.swift */,
				1EEE499826A31478003B2853 /* CircleImage.swift */,
				1EEE499C26A3147E003B2853 /* MapView.swift */,
				1EEE499926A31478003B2853 /* ContentViewaaa.swift */,
				1EEE499E26A3156F003B2853 /* LandmarkList.swift */,
			);
			name = Views;
			sourceTree = "<group>";
		};
		1EEE49A026A429BF003B2853 /* Stocks */ = {
			isa = PBXGroup;
			children = (
				1E8DCC1F26AC3A340014F9EF /* Utils */,
				1EEE49A126A429D8003B2853 /* StockMarketData.swift */,
				1EEE49A326A42A17003B2853 /* StockList.swift */,
				1EEE49A526A42A27003B2853 /* StockRow.swift */,
				1EEE49A726A42A4F003B2853 /* StockListItem.swift */,
				1EEE49A926A42CA3003B2853 /* stockData.json */,
				1EB356C526A5179900DF2963 /* StockQuoteTopic.swift */,
				1E8DCC1B26AA8D480014F9EF /* StockDetail.swift */,
				1E8DCC1D26AB04220014F9EF /* DWGetReferentialQuoteRsDTO.swift */,
			);
			path = Stocks;
			sourceTree = "<group>";
		};
		1EEE49AB26A43A62003B2853 /* Components */ = {
			isa = PBXGroup;
			children = (
				1EEE49AC26A43A70003B2853 /* HeartButton.swift */,
			);
			path = Components;
			sourceTree = "<group>";
		};
		1EEE49AF26A46FBF003B2853 /* Connectivity */ = {
			isa = PBXGroup;
			children = (
				1EEE49B226A4713E003B2853 /* ConnectionStatusView.swift */,
				1EEE49B426A4732B003B2853 /* ConnectivityData.swift */,
			);
			path = Connectivity;
			sourceTree = "<group>";
		};
		D9612A4D2595212E0061CCE1 /* Frameworks */ = {
			isa = PBXGroup;
			children = (
			);
			name = Frameworks;
			sourceTree = "<group>";
		};
		D97F1EF825951C1A004C7A4E = {
			isa = PBXGroup;
			children = (
				D97F1F0325951C1A004C7A4E /* Sources */,
				D97F1F0225951C1A004C7A4E /* Products */,
				D9612A4D2595212E0061CCE1 /* Frameworks */,
			);
			sourceTree = "<group>";
		};
		D97F1F0225951C1A004C7A4E /* Products */ = {
			isa = PBXGroup;
			children = (
				D97F1F0125951C1A004C7A4E /* iOS Example.app */,
			);
			name = Products;
			sourceTree = "<group>";
		};
		D97F1F0325951C1A004C7A4E /* Sources */ = {
			isa = PBXGroup;
			children = (
				1EEE49AF26A46FBF003B2853 /* Connectivity */,
				1EEE49AB26A43A62003B2853 /* Components */,
				1EEE49A026A429BF003B2853 /* Stocks */,
				1EEE498B26A3122D003B2853 /* Views */,
				1EEE498826A311CE003B2853 /* Landmarks */,
				D97F1F0425951C1A004C7A4E /* iOS_ExampleApp.swift */,
				D97F1F0625951C1A004C7A4E /* ContentView.swift */,
				D97F1F0825951C1A004C7A4E /* Assets.xcassets */,
				D97F1F0D25951C1A004C7A4E /* Info.plist */,
				D97F1F0A25951C1A004C7A4E /* Preview Content */,
			);
			path = Sources;
			sourceTree = "<group>";
		};
		D97F1F0A25951C1A004C7A4E /* Preview Content */ = {
			isa = PBXGroup;
			children = (
				D97F1F0B25951C1A004C7A4E /* Preview Assets.xcassets */,
			);
			path = "Preview Content";
			sourceTree = "<group>";
		};
/* End PBXGroup section */

/* Begin PBXNativeTarget section */
		D97F1F0025951C1A004C7A4E /* iOS Example */ = {
			isa = PBXNativeTarget;
			buildConfigurationList = D97F1F1025951C1A004C7A4E /* Build configuration list for PBXNativeTarget "iOS Example" */;
			buildPhases = (
				D97F1EFD25951C1A004C7A4E /* Sources */,
				D97F1EFE25951C1A004C7A4E /* Frameworks */,
				D97F1EFF25951C1A004C7A4E /* Resources */,
			);
			buildRules = (
			);
			dependencies = (
			);
			name = "iOS Example";
			packageProductDependencies = (
				D9612A4E2595212E0061CCE1 /* Swafka */,
			);
			productName = "iOS Example";
			productReference = D97F1F0125951C1A004C7A4E /* iOS Example.app */;
			productType = "com.apple.product-type.application";
		};
/* End PBXNativeTarget section */

/* Begin PBXProject section */
		D97F1EF925951C1A004C7A4E /* Project object */ = {
			isa = PBXProject;
			attributes = {
				LastSwiftUpdateCheck = 1230;
				LastUpgradeCheck = 1230;
				TargetAttributes = {
					D97F1F0025951C1A004C7A4E = {
						CreatedOnToolsVersion = 12.3;
					};
				};
			};
			buildConfigurationList = D97F1EFC25951C1A004C7A4E /* Build configuration list for PBXProject "iOS Example" */;
			compatibilityVersion = "Xcode 9.3";
			developmentRegion = en;
			hasScannedForEncodings = 0;
			knownRegions = (
				en,
				Base,
			);
			mainGroup = D97F1EF825951C1A004C7A4E;
			productRefGroup = D97F1F0225951C1A004C7A4E /* Products */;
			projectDirPath = "";
			projectRoot = "";
			targets = (
				D97F1F0025951C1A004C7A4E /* iOS Example */,
			);
		};
/* End PBXProject section */

/* Begin PBXResourcesBuildPhase section */
		D97F1EFF25951C1A004C7A4E /* Resources */ = {
			isa = PBXResourcesBuildPhase;
			buildActionMask = 2147483647;
			files = (
				D97F1F0C25951C1A004C7A4E /* Preview Assets.xcassets in Resources */,
				D97F1F0925951C1A004C7A4E /* Assets.xcassets in Resources */,
				1EEE49AA26A42CA3003B2853 /* stockData.json in Resources */,
				1EEE498526A310E8003B2853 /* landmarkData.json in Resources */,
			);
			runOnlyForDeploymentPostprocessing = 0;
		};
/* End PBXResourcesBuildPhase section */

/* Begin PBXSourcesBuildPhase section */
		D97F1EFD25951C1A004C7A4E /* Sources */ = {
			isa = PBXSourcesBuildPhase;
			buildActionMask = 2147483647;
			files = (
				D97F1F0725951C1A004C7A4E /* ContentView.swift in Sources */,
				1EEE499D26A3147E003B2853 /* MapView.swift in Sources */,
				1EEE49A626A42A27003B2853 /* StockRow.swift in Sources */,
				1E8DCC1C26AA8D480014F9EF /* StockDetail.swift in Sources */,
				1EEE498A26A311DF003B2853 /* ModelData.swift in Sources */,
				1E8DCC1E26AB04220014F9EF /* DWGetReferentialQuoteRsDTO.swift in Sources */,
				1EEE49B326A4713E003B2853 /* ConnectionStatusView.swift in Sources */,
				1EEE49A426A42A17003B2853 /* StockList.swift in Sources */,
				1EB356C626A5179900DF2963 /* StockQuoteTopic.swift in Sources */,
				1EEE499B26A31478003B2853 /* ContentViewaaa.swift in Sources */,
				1EEE49AD26A43A70003B2853 /* HeartButton.swift in Sources */,
				1EEE499F26A3156F003B2853 /* LandmarkList.swift in Sources */,
				D97F1F0525951C1A004C7A4E /* iOS_ExampleApp.swift in Sources */,
				1EEE49A826A42A4F003B2853 /* StockListItem.swift in Sources */,
				1EEE498726A31110003B2853 /* Landmark.swift in Sources */,
				1E8DCC2126AC3A400014F9EF /* Amount.swift in Sources */,
				1EEE49A226A429D8003B2853 /* StockMarketData.swift in Sources */,
				1EEE49B526A4732B003B2853 /* ConnectivityData.swift in Sources */,
				1EEE499326A31296003B2853 /* LandmarkRow.swift in Sources */,
				1EEE499A26A31478003B2853 /* CircleImage.swift in Sources */,
			);
			runOnlyForDeploymentPostprocessing = 0;
		};
/* End PBXSourcesBuildPhase section */

/* Begin XCBuildConfiguration section */
		D97F1F0E25951C1A004C7A4E /* Debug */ = {
			isa = XCBuildConfiguration;
			buildSettings = {
				ALWAYS_SEARCH_USER_PATHS = NO;
				CLANG_ANALYZER_NONNULL = YES;
				CLANG_ANALYZER_NUMBER_OBJECT_CONVERSION = YES_AGGRESSIVE;
				CLANG_CXX_LANGUAGE_STANDARD = "gnu++14";
				CLANG_CXX_LIBRARY = "libc++";
				CLANG_ENABLE_MODULES = YES;
				CLANG_ENABLE_OBJC_ARC = YES;
				CLANG_ENABLE_OBJC_WEAK = YES;
				CLANG_WARN_BLOCK_CAPTURE_AUTORELEASING = YES;
				CLANG_WARN_BOOL_CONVERSION = YES;
				CLANG_WARN_COMMA = YES;
				CLANG_WARN_CONSTANT_CONVERSION = YES;
				CLANG_WARN_DEPRECATED_OBJC_IMPLEMENTATIONS = YES;
				CLANG_WARN_DIRECT_OBJC_ISA_USAGE = YES_ERROR;
				CLANG_WARN_DOCUMENTATION_COMMENTS = YES;
				CLANG_WARN_EMPTY_BODY = YES;
				CLANG_WARN_ENUM_CONVERSION = YES;
				CLANG_WARN_INFINITE_RECURSION = YES;
				CLANG_WARN_INT_CONVERSION = YES;
				CLANG_WARN_NON_LITERAL_NULL_CONVERSION = YES;
				CLANG_WARN_OBJC_IMPLICIT_RETAIN_SELF = YES;
				CLANG_WARN_OBJC_LITERAL_CONVERSION = YES;
				CLANG_WARN_OBJC_ROOT_CLASS = YES_ERROR;
				CLANG_WARN_QUOTED_INCLUDE_IN_FRAMEWORK_HEADER = YES;
				CLANG_WARN_RANGE_LOOP_ANALYSIS = YES;
				CLANG_WARN_STRICT_PROTOTYPES = YES;
				CLANG_WARN_SUSPICIOUS_MOVE = YES;
				CLANG_WARN_UNGUARDED_AVAILABILITY = YES_AGGRESSIVE;
				CLANG_WARN_UNREACHABLE_CODE = YES;
				CLANG_WARN__DUPLICATE_METHOD_MATCH = YES;
				COPY_PHASE_STRIP = NO;
				DEBUG_INFORMATION_FORMAT = dwarf;
				ENABLE_STRICT_OBJC_MSGSEND = YES;
				ENABLE_TESTABILITY = YES;
				GCC_C_LANGUAGE_STANDARD = gnu11;
				GCC_DYNAMIC_NO_PIC = NO;
				GCC_NO_COMMON_BLOCKS = YES;
				GCC_OPTIMIZATION_LEVEL = 0;
				GCC_PREPROCESSOR_DEFINITIONS = (
					"DEBUG=1",
					"$(inherited)",
				);
				GCC_WARN_64_TO_32_BIT_CONVERSION = YES;
				GCC_WARN_ABOUT_RETURN_TYPE = YES_ERROR;
				GCC_WARN_UNDECLARED_SELECTOR = YES;
				GCC_WARN_UNINITIALIZED_AUTOS = YES_AGGRESSIVE;
				GCC_WARN_UNUSED_FUNCTION = YES;
				GCC_WARN_UNUSED_VARIABLE = YES;
				IPHONEOS_DEPLOYMENT_TARGET = 14.3;
				MTL_ENABLE_DEBUG_INFO = INCLUDE_SOURCE;
				MTL_FAST_MATH = YES;
				ONLY_ACTIVE_ARCH = YES;
				SDKROOT = iphoneos;
				SWIFT_ACTIVE_COMPILATION_CONDITIONS = DEBUG;
				SWIFT_OPTIMIZATION_LEVEL = "-Onone";
			};
			name = Debug;
		};
		D97F1F0F25951C1A004C7A4E /* Release */ = {
			isa = XCBuildConfiguration;
			buildSettings = {
				ALWAYS_SEARCH_USER_PATHS = NO;
				CLANG_ANALYZER_NONNULL = YES;
				CLANG_ANALYZER_NUMBER_OBJECT_CONVERSION = YES_AGGRESSIVE;
				CLANG_CXX_LANGUAGE_STANDARD = "gnu++14";
				CLANG_CXX_LIBRARY = "libc++";
				CLANG_ENABLE_MODULES = YES;
				CLANG_ENABLE_OBJC_ARC = YES;
				CLANG_ENABLE_OBJC_WEAK = YES;
				CLANG_WARN_BLOCK_CAPTURE_AUTORELEASING = YES;
				CLANG_WARN_BOOL_CONVERSION = YES;
				CLANG_WARN_COMMA = YES;
				CLANG_WARN_CONSTANT_CONVERSION = YES;
				CLANG_WARN_DEPRECATED_OBJC_IMPLEMENTATIONS = YES;
				CLANG_WARN_DIRECT_OBJC_ISA_USAGE = YES_ERROR;
				CLANG_WARN_DOCUMENTATION_COMMENTS = YES;
				CLANG_WARN_EMPTY_BODY = YES;
				CLANG_WARN_ENUM_CONVERSION = YES;
				CLANG_WARN_INFINITE_RECURSION = YES;
				CLANG_WARN_INT_CONVERSION = YES;
				CLANG_WARN_NON_LITERAL_NULL_CONVERSION = YES;
				CLANG_WARN_OBJC_IMPLICIT_RETAIN_SELF = YES;
				CLANG_WARN_OBJC_LITERAL_CONVERSION = YES;
				CLANG_WARN_OBJC_ROOT_CLASS = YES_ERROR;
				CLANG_WARN_QUOTED_INCLUDE_IN_FRAMEWORK_HEADER = YES;
				CLANG_WARN_RANGE_LOOP_ANALYSIS = YES;
				CLANG_WARN_STRICT_PROTOTYPES = YES;
				CLANG_WARN_SUSPICIOUS_MOVE = YES;
				CLANG_WARN_UNGUARDED_AVAILABILITY = YES_AGGRESSIVE;
				CLANG_WARN_UNREACHABLE_CODE = YES;
				CLANG_WARN__DUPLICATE_METHOD_MATCH = YES;
				COPY_PHASE_STRIP = NO;
				DEBUG_INFORMATION_FORMAT = "dwarf-with-dsym";
				ENABLE_NS_ASSERTIONS = NO;
				ENABLE_STRICT_OBJC_MSGSEND = YES;
				GCC_C_LANGUAGE_STANDARD = gnu11;
				GCC_NO_COMMON_BLOCKS = YES;
				GCC_WARN_64_TO_32_BIT_CONVERSION = YES;
				GCC_WARN_ABOUT_RETURN_TYPE = YES_ERROR;
				GCC_WARN_UNDECLARED_SELECTOR = YES;
				GCC_WARN_UNINITIALIZED_AUTOS = YES_AGGRESSIVE;
				GCC_WARN_UNUSED_FUNCTION = YES;
				GCC_WARN_UNUSED_VARIABLE = YES;
				IPHONEOS_DEPLOYMENT_TARGET = 14.3;
				MTL_ENABLE_DEBUG_INFO = NO;
				MTL_FAST_MATH = YES;
				SDKROOT = iphoneos;
				SWIFT_COMPILATION_MODE = wholemodule;
				SWIFT_OPTIMIZATION_LEVEL = "-O";
				VALIDATE_PRODUCT = YES;
			};
			name = Release;
		};
		D97F1F1125951C1A004C7A4E /* Debug */ = {
			isa = XCBuildConfiguration;
			buildSettings = {
				ASSETCATALOG_COMPILER_APPICON_NAME = AppIcon;
				ASSETCATALOG_COMPILER_GLOBAL_ACCENT_COLOR_NAME = AccentColor;
				CODE_SIGN_STYLE = Automatic;
				DEVELOPMENT_TEAM = 33GXC7VWW4;
				ENABLE_PREVIEWS = YES;
				INFOPLIST_FILE = Sources/Info.plist;
				IPHONEOS_DEPLOYMENT_TARGET = 14.0;
				LD_RUNPATH_SEARCH_PATHS = (
					"$(inherited)",
					"@executable_path/Frameworks",
				);
				PRODUCT_BUNDLE_IDENTIFIER = "com.johann.iOS-Example";
				PRODUCT_NAME = "$(TARGET_NAME)";
				SWIFT_VERSION = 5.0;
				TARGETED_DEVICE_FAMILY = "1,2";
			};
			name = Debug;
		};
		D97F1F1225951C1A004C7A4E /* Release */ = {
			isa = XCBuildConfiguration;
			buildSettings = {
				ASSETCATALOG_COMPILER_APPICON_NAME = AppIcon;
				ASSETCATALOG_COMPILER_GLOBAL_ACCENT_COLOR_NAME = AccentColor;
				CODE_SIGN_STYLE = Automatic;
				DEVELOPMENT_TEAM = 33GXC7VWW4;
				ENABLE_PREVIEWS = YES;
				INFOPLIST_FILE = Sources/Info.plist;
				IPHONEOS_DEPLOYMENT_TARGET = 14.0;
				LD_RUNPATH_SEARCH_PATHS = (
					"$(inherited)",
					"@executable_path/Frameworks",
				);
				PRODUCT_BUNDLE_IDENTIFIER = "com.johann.iOS-Example";
				PRODUCT_NAME = "$(TARGET_NAME)";
				SWIFT_VERSION = 5.0;
				TARGETED_DEVICE_FAMILY = "1,2";
			};
			name = Release;
		};
/* End XCBuildConfiguration section */

/* Begin XCConfigurationList section */
		D97F1EFC25951C1A004C7A4E /* Build configuration list for PBXProject "iOS Example" */ = {
			isa = XCConfigurationList;
			buildConfigurations = (
				D97F1F0E25951C1A004C7A4E /* Debug */,
				D97F1F0F25951C1A004C7A4E /* Release */,
			);
			defaultConfigurationIsVisible = 0;
			defaultConfigurationName = Release;
		};
		D97F1F1025951C1A004C7A4E /* Build configuration list for PBXNativeTarget "iOS Example" */ = {
			isa = XCConfigurationList;
			buildConfigurations = (
				D97F1F1125951C1A004C7A4E /* Debug */,
				D97F1F1225951C1A004C7A4E /* Release */,
			);
			defaultConfigurationIsVisible = 0;
			defaultConfigurationName = Release;
		};
/* End XCConfigurationList section */

/* Begin XCSwiftPackageProductDependency section */
		D9612A4E2595212E0061CCE1 /* Swafka */ = {
			isa = XCSwiftPackageProductDependency;
			productName = Swafka;
		};
/* End XCSwiftPackageProductDependency section */
	};
	rootObject = D97F1EF925951C1A004C7A4E /* Project object */;
}
